{
  "version": 4,
  "terraform_version": "1.5.6",
  "serial": 51,
  "lineage": "defd110e-9b52-a328-d784-20a6018774d5",
  "outputs": {},
  "resources": [
    {
      "module": "module.Subnet",
      "mode": "managed",
      "type": "azurerm_subnet",
      "name": "Subnet",
      "provider": "provider[\"registry.terraform.io/hashicorp/azurerm\"]",
      "instances": [
        {
          "schema_version": 0,
          "attributes": {
            "address_prefixes": [
              "10.0.1.0/24"
            ],
            "delegation": [],
            "enforce_private_link_endpoint_network_policies": false,
            "enforce_private_link_service_network_policies": false,
            "id": "/subscriptions/954c8b87-0788-49c2-960b-b90f1a19ec9b/resourceGroups/Vnet-resources4/providers/Microsoft.Network/virtualNetworks/Azure-virtual-network/subnets/Azure-subnet",
            "name": "Azure-subnet",
            "private_endpoint_network_policies_enabled": true,
            "private_link_service_network_policies_enabled": true,
            "resource_group_name": "Vnet-resources4",
            "service_endpoint_policy_ids": null,
            "service_endpoints": null,
            "timeouts": null,
            "virtual_network_name": "Azure-virtual-network"
          },
          "sensitive_attributes": [],
          "private": "eyJlMmJmYjczMC1lY2FhLTExZTYtOGY4OC0zNDM2M2JjN2M0YzAiOnsiY3JlYXRlIjoxODAwMDAwMDAwMDAwLCJkZWxldGUiOjE4MDAwMDAwMDAwMDAsInJlYWQiOjMwMDAwMDAwMDAwMCwidXBkYXRlIjoxODAwMDAwMDAwMDAwfX0=",
          "dependencies": [
            "module.Vnet.azurerm_resource_group.Vnet",
            "module.Vnet.azurerm_virtual_network.example"
          ]
        }
      ]
    },
    {
      "module": "module.Vnet",
      "mode": "managed",
      "type": "azurerm_resource_group",
      "name": "Vnet",
      "provider": "provider[\"registry.terraform.io/hashicorp/azurerm\"]",
      "instances": [
        {
          "schema_version": 0,
          "attributes": {
            "id": "/subscriptions/954c8b87-0788-49c2-960b-b90f1a19ec9b/resourceGroups/Vnet-resources4",
            "location": "eastus",
            "managed_by": "",
            "name": "Vnet-resources4",
            "tags": null,
            "timeouts": null
          },
          "sensitive_attributes": [],
          "private": "eyJlMmJmYjczMC1lY2FhLTExZTYtOGY4OC0zNDM2M2JjN2M0YzAiOnsiY3JlYXRlIjo1NDAwMDAwMDAwMDAwLCJkZWxldGUiOjU0MDAwMDAwMDAwMDAsInJlYWQiOjMwMDAwMDAwMDAwMCwidXBkYXRlIjo1NDAwMDAwMDAwMDAwfX0="
        }
      ]
    },
    {
      "module": "module.Vnet",
      "mode": "managed",
      "type": "azurerm_virtual_network",
      "name": "example",
      "provider": "provider[\"registry.terraform.io/hashicorp/azurerm\"]",
      "instances": [
        {
          "schema_version": 0,
          "attributes": {
            "address_space": [
              "10.0.0.0/16"
            ],
            "bgp_community": "",
            "ddos_protection_plan": [],
            "dns_servers": [],
            "edge_zone": "",
            "encryption": [],
            "flow_timeout_in_minutes": 0,
            "guid": "e8a05230-b86b-4a54-be7e-81469d048395",
            "id": "/subscriptions/954c8b87-0788-49c2-960b-b90f1a19ec9b/resourceGroups/Vnet-resources4/providers/Microsoft.Network/virtualNetworks/Azure-virtual-network",
            "location": "eastus",
            "name": "Azure-virtual-network",
            "resource_group_name": "Vnet-resources4",
            "subnet": [],
            "tags": null,
            "timeouts": null
          },
          "sensitive_attributes": [],
          "private": "eyJlMmJmYjczMC1lY2FhLTExZTYtOGY4OC0zNDM2M2JjN2M0YzAiOnsiY3JlYXRlIjoxODAwMDAwMDAwMDAwLCJkZWxldGUiOjE4MDAwMDAwMDAwMDAsInJlYWQiOjMwMDAwMDAwMDAwMCwidXBkYXRlIjoxODAwMDAwMDAwMDAwfX0=",
          "dependencies": [
            "module.Vnet.azurerm_resource_group.Vnet"
          ]
        }
      ]
    }
  ],
  "check_results": null
}
